// !$*UTF8*$!
{
	archiveVersion = 1;
	classes = {
	};
	objectVersion = 46;
	objects = {

/* Begin PBXBuildFile section */
		448CA2AC1CA139F200935D84 /* main.cpp in Sources */ = {isa = PBXBuildFile; fileRef = 448CA2AB1CA139F200935D84 /* main.cpp */; };
		448CA2B41CA13A0400935D84 /* SLE.cpp in Sources */ = {isa = PBXBuildFile; fileRef = 448CA2B21CA13A0400935D84 /* SLE.cpp */; };
		448CA2B71CA13A1000935D84 /* Matrix.cpp in Sources */ = {isa = PBXBuildFile; fileRef = 448CA2B51CA13A1000935D84 /* Matrix.cpp */; };
/* End PBXBuildFile section */

/* Begin PBXCopyFilesBuildPhase section */
		448CA2A61CA139F200935D84 /* CopyFiles */ = {
			isa = PBXCopyFilesBuildPhase;
			buildActionMask = 2147483647;
			dstPath = /usr/share/man/man1/;
			dstSubfolderSpec = 0;
			files = (
			);
			runOnlyForDeploymentPostprocessing = 1;
		};
/* End PBXCopyFilesBuildPhase section */

/* Begin PBXFileReference section */
		448CA2A81CA139F200935D84 /* cp_2 */ = {isa = PBXFileReference; explicitFileType = "compiled.mach-o.executable"; includeInIndex = 0; path = cp_2; sourceTree = BUILT_PRODUCTS_DIR; };
		448CA2AB1CA139F200935D84 /* main.cpp */ = {isa = PBXFileReference; lastKnownFileType = sourcecode.cpp.cpp; path = main.cpp; sourceTree = "<group>"; };
		448CA2B21CA13A0400935D84 /* SLE.cpp */ = {isa = PBXFileReference; fileEncoding = 4; lastKnownFileType = sourcecode.cpp.cpp; path = SLE.cpp; sourceTree = "<group>"; };
		448CA2B31CA13A0400935D84 /* SLE.h */ = {isa = PBXFileReference; fileEncoding = 4; lastKnownFileType = sourcecode.c.h; path = SLE.h; sourceTree = "<group>"; };
		448CA2B51CA13A1000935D84 /* Matrix.cpp */ = {isa = PBXFileReference; fileEncoding = 4; lastKnownFileType = sourcecode.cpp.cpp; path = Matrix.cpp; sourceTree = "<group>"; };
		448CA2B61CA13A1000935D84 /* Matrix.h */ = {isa = PBXFileReference; fileEncoding = 4; lastKnownFileType = sourcecode.c.h; path = Matrix.h; sourceTree = "<group>"; };
/* End PBXFileReference section */

/* Begin PBXFrameworksBuildPhase section */
		448CA2A51CA139F200935D84 /* Frameworks */ = {
			isa = PBXFrameworksBuildPhase;
			buildActionMask = 2147483647;
			files = (
			);
			runOnlyForDeploymentPostprocessing = 0;
		};
/* End PBXFrameworksBuildPhase section */

/* Begin PBXGroup section */
		448CA29F1CA139F200935D84 = {
			isa = PBXGroup;
			children = (
				448CA2AA1CA139F200935D84 /* cp_2 */,
				448CA2A91CA139F200935D84 /* Products */,
			);
			sourceTree = "<group>";
		};
		448CA2A91CA139F200935D84 /* Products */ = {
			isa = PBXGroup;
			children = (
				448CA2A81CA139F200935D84 /* cp_2 */,
			);
			name = Products;
			sourceTree = "<group>";
		};
		448CA2AA1CA139F200935D84 /* cp_2 */ = {
			isa = PBXGroup;
			children = (
				448CA2AB1CA139F200935D84 /* main.cpp */,
				448CA2B21CA13A0400935D84 /* SLE.cpp */,
				448CA2B31CA13A0400935D84 /* SLE.h */,
				448CA2B51CA13A1000935D84 /* Matrix.cpp */,
				448CA2B61CA13A1000935D84 /* Matrix.h */,
			);
			path = cp_2;
			sourceTree = "<group>";
		};
/* End PBXGroup section */

/* Begin PBXNativeTarget section */
		448CA2A71CA139F200935D84 /* cp_2 */ = {
			isa = PBXNativeTarget;
			buildConfigurationList = 448CA2AF1CA139F200935D84 /* Build configuration list for PBXNativeTarget "cp_2" */;
			buildPhases = (
				448CA2A41CA139F200935D84 /* Sources */,
				448CA2A51CA139F200935D84 /* Frameworks */,
				448CA2A61CA139F200935D84 /* CopyFiles */,
			);
			buildRules = (
			);
			dependencies = (
			);
			name = cp_2;
			productName = cp_2;
			productReference = 448CA2A81CA139F200935D84 /* cp_2 */;
			productType = "com.apple.product-type.tool";
		};
/* End PBXNativeTarget section */

/* Begin PBXProject section */
		448CA2A01CA139F200935D84 /* Project object */ = {
			isa = PBXProject;
			attributes = {
				LastUpgradeCheck = 0720;
				ORGANIZATIONNAME = "Nikolay Tikhonov";
				TargetAttributes = {
					448CA2A71CA139F200935D84 = {
						CreatedOnToolsVersion = 7.2.1;
					};
				};
			};
			buildConfigurationList = 448CA2A31CA139F200935D84 /* Build configuration list for PBXProject "cp_2" */;
			compatibilityVersion = "Xcode 3.2";
			developmentRegion = English;
			hasScannedForEncodings = 0;
			knownRegions = (
				en,
			);
			mainGroup = 448CA29F1CA139F200935D84;
			productRefGroup = 448CA2A91CA139F200935D84 /* Products */;
			projectDirPath = "";
			projectRoot = "";
			targets = (
				448CA2A71CA139F200935D84 /* cp_2 */,
			);
		};
/* End PBXProject section */

/* Begin PBXSourcesBuildPhase section */
		448CA2A41CA139F200935D84 /* Sources */ = {
			isa = PBXSourcesBuildPhase;
			buildActionMask = 2147483647;
			files = (
				448CA2B71CA13A1000935D84 /* Matrix.cpp in Sources */,
				448CA2B41CA13A0400935D84 /* SLE.cpp in Sources */,
				448CA2AC1CA139F200935D84 /* main.cpp in Sources */,
			);
			runOnlyForDeploymentPostprocessing = 0;
		};
/* End PBXSourcesBuildPhase section */

/* Begin XCBuildConfiguration section */
		448CA2AD1CA139F200935D84 /* Debug */ = {
			isa = XCBuildConfiguration;
			buildSettings = {
				ALWAYS_SEARCH_USER_PATHS = NO;
				CLANG_CXX_LANGUAGE_STANDARD = "gnu++0x";
				CLANG_CXX_LIBRARY = "libc++";
				CLANG_ENABLE_MODULES = YES;
				CLANG_ENABLE_OBJC_ARC = YES;
				CLANG_WARN_BOOL_CONVERSION = YES;
				CLANG_WARN_CONSTANT_CONVERSION = YES;
				CLANG_WARN_DIRECT_OBJC_ISA_USAGE = YES_ERROR;
				CLANG_WARN_EMPTY_BODY = YES;
				CLANG_WARN_ENUM_CONVERSION = YES;
				CLANG_WARN_INT_CONVERSION = YES;
				CLANG_WARN_OBJC_ROOT_CLASS = YES_ERROR;
				CLANG_WARN_UNREACHABLE_CODE = YES;
				CLANG_WARN__DUPLICATE_METHOD_MATCH = YES;
				CODE_SIGN_IDENTITY = "-";
				COPY_PHASE_STRIP = NO;
				DEBUG_INFORMATION_FORMAT = dwarf;
				ENABLE_STRICT_OBJC_MSGSEND = YES;
				ENABLE_TESTABILITY = YES;
				GCC_C_LANGUAGE_STANDARD = gnu99;
				GCC_DYNAMIC_NO_PIC = NO;
				GCC_NO_COMMON_BLOCKS = YES;
				GCC_OPTIMIZATION_LEVEL = 0;
				GCC_PREPROCESSOR_DEFINITIONS = (
					"DEBUG=1",
					"$(inherited)",
				);
				GCC_WARN_64_TO_32_BIT_CONVERSION = YES;
				GCC_WARN_ABOUT_RETURN_TYPE = YES_ERROR;
				GCC_WARN_UNDECLARED_SELECTOR = YES;
				GCC_WARN_UNINITIALIZED_AUTOS = YES_AGGRESSIVE;
				GCC_WARN_UNUSED_FUNCTION = YES;
				GCC_WARN_UNUSED_VARIABLE = YES;
				MACOSX_DEPLOYMENT_TARGET = 10.11;
				MTL_ENABLE_DEBUG_INFO = YES;
				ONLY_ACTIVE_ARCH = YES;
				SDKROOT = macosx;
			};
			name = Debug;
		};
		448CA2AE1CA139F200935D84 /* Release */ = {
			isa = XCBuildConfiguration;
			buildSettings = {
				ALWAYS_SEARCH_USER_PATHS = NO;
				CLANG_CXX_LANGUAGE_STANDARD = "gnu++0x";
				CLANG_CXX_LIBRARY = "libc++";
				CLANG_ENABLE_MODULES = YES;
				CLANG_ENABLE_OBJC_ARC = YES;
				CLANG_WARN_BOOL_CONVERSION = YES;
				CLANG_WARN_CONSTANT_CONVERSION = YES;
				CLANG_WARN_DIRECT_OBJC_ISA_USAGE = YES_ERROR;
				CLANG_WARN_EMPTY_BODY = YES;
				CLANG_WARN_ENUM_CONVERSION = YES;
				CLANG_WARN_INT_CONVERSION = YES;
				CLANG_WARN_OBJC_ROOT_CLASS = YES_ERROR;
				CLANG_WARN_UNREACHABLE_CODE = YES;
				CLANG_WARN__DUPLICATE_METHOD_MATCH = YES;
				CODE_SIGN_IDENTITY = "-";
				COPY_PHASE_STRIP = NO;
				DEBUG_INFORMATION_FORMAT = "dwarf-with-dsym";
				ENABLE_NS_ASSERTIONS = NO;
				ENABLE_STRICT_OBJC_MSGSEND = YES;
				GCC_C_LANGUAGE_STANDARD = gnu99;
				GCC_NO_COMMON_BLOCKS = YES;
				GCC_WARN_64_TO_32_BIT_CONVERSION = YES;
				GCC_WARN_ABOUT_RETURN_TYPE = YES_ERROR;
				GCC_WARN_UNDECLARED_SELECTOR = YES;
				GCC_WARN_UNINITIALIZED_AUTOS = YES_AGGRESSIVE;
				GCC_WARN_UNUSED_FUNCTION = YES;
				GCC_WARN_UNUSED_VARIABLE = YES;
				MACOSX_DEPLOYMENT_TARGET = 10.11;
				MTL_ENABLE_DEBUG_INFO = NO;
				SDKROOT = macosx;
			};
			name = Release;
		};
		448CA2B01CA139F200935D84 /* Debug */ = {
			isa = XCBuildConfiguration;
			buildSettings = {
				PRODUCT_NAME = "$(TARGET_NAME)";
			};
			name = Debug;
		};
		448CA2B11CA139F200935D84 /* Release */ = {
			isa = XCBuildConfiguration;
			buildSettings = {
				PRODUCT_NAME = "$(TARGET_NAME)";
			};
			name = Release;
		};
/* End XCBuildConfiguration section */

/* Begin XCConfigurationList section */
		448CA2A31CA139F200935D84 /* Build configuration list for PBXProject "cp_2" */ = {
			isa = XCConfigurationList;
			buildConfigurations = (
				448CA2AD1CA139F200935D84 /* Debug */,
				448CA2AE1CA139F200935D84 /* Release */,
			);
			defaultConfigurationIsVisible = 0;
			defaultConfigurationName = Release;
		};
		448CA2AF1CA139F200935D84 /* Build configuration list for PBXNativeTarget "cp_2" */ = {
			isa = XCConfigurationList;
			buildConfigurations = (
				448CA2B01CA139F200935D84 /* Debug */,
				448CA2B11CA139F200935D84 /* Release */,
			);
			defaultConfigurationIsVisible = 0;
		};
/* End XCConfigurationList section */
	};
	rootObject = 448CA2A01CA139F200935D84 /* Project object */;
}
